
Microsoft Visual Studio Solution File, Format Version 12.00
# Visual Studio Version 16
VisualStudioVersion = 16.0.29306.81
MinimumVisualStudioVersion = 10.0.40219.1
Project("{FAE04EC0-301F-11D3-BF4B-00C04F79EFBC}") = "certdognet", "certdognet.csproj", "{F5A2FF2A-11A6-4AFE-9006-F4AFCE175C09}"
EndProject
Global
	GlobalSection(SolutionConfigurationPlatforms) = preSolution
		Debug|Any CPU = Debug|Any CPU
		Release|Any CPU = Release|Any CPU
	EndGlobalSection
	GlobalSection(ProjectConfigurationPlatforms) = postSolution
		{F5A2FF2A-11A6-4AFE-9006-F4AFCE175C09}.Debug|Any CPU.ActiveCfg = Debug|Any CPU
		{F5A2FF2A-11A6-4AFE-9006-F4AFCE175C09}.Debug|Any CPU.Build.0 = Debug|Any CPU
		{F5A2FF2A-11A6-4AFE-9006-F4AFCE175C09}.Release|Any CPU.ActiveCfg = Release|Any CPU
		{F5A2FF2A-11A6-4AFE-9006-F4AFCE175C09}.Release|Any CPU.Build.0 = Release|Any CPU
	EndGlobalSection
	GlobalSection(SolutionProperties) = preSolution
		HideSolutionNode = FALSE
	EndGlobalSection
	GlobalSection(ExtensibilityGlobals) = postSolution
		SolutionGuid = {8ED4E0DB-918B-4A73-8291-930F1AE8549E}
	EndGlobalSection
EndGlobal
